
Microsoft Visual Studio Solution File, Format Version 12.00
# Visual Studio Version 17
VisualStudioVersion = 17.9.34607.119
MinimumVisualStudioVersion = 10.0.40219.1
Project("{FAE04EC0-301F-11D3-BF4B-00C04F79EFBC}") = "Mediator.API", "Mediator.API\Mediator.API.csproj", "{D20FB528-91DC-4046-A815-CC36C49D4C2C}"
EndProject
Project("{FAE04EC0-301F-11D3-BF4B-00C04F79EFBC}") = "Mediator.Applicition", "Aplicition.API\Mediator.Applicition.csproj", "{1372F550-3184-49B1-AC04-E66753B3E9BF}"
EndProject
Project("{FAE04EC0-301F-11D3-BF4B-00C04F79EFBC}") = "Mediator.Domain", "Mediator.Domain\Mediator.Domain.csproj", "{8E19FCA9-4C0C-40A1-86AE-F53D13F468DD}"
EndProject
Project("{FAE04EC0-301F-11D3-BF4B-00C04F79EFBC}") = "Mediator.Infrastructure", "Mediator.Infrastructure\Mediator.Infrastructure.csproj", "{17EC2D37-26C3-41A9-8510-D164FE0A563B}"
EndProject
Global
	GlobalSection(SolutionConfigurationPlatforms) = preSolution
		Debug|Any CPU = Debug|Any CPU
		Release|Any CPU = Release|Any CPU
	EndGlobalSection
	GlobalSection(ProjectConfigurationPlatforms) = postSolution
		{D20FB528-91DC-4046-A815-CC36C49D4C2C}.Debug|Any CPU.ActiveCfg = Debug|Any CPU
		{D20FB528-91DC-4046-A815-CC36C49D4C2C}.Debug|Any CPU.Build.0 = Debug|Any CPU
		{D20FB528-91DC-4046-A815-CC36C49D4C2C}.Release|Any CPU.ActiveCfg = Release|Any CPU
		{D20FB528-91DC-4046-A815-CC36C49D4C2C}.Release|Any CPU.Build.0 = Release|Any CPU
		{1372F550-3184-49B1-AC04-E66753B3E9BF}.Debug|Any CPU.ActiveCfg = Debug|Any CPU
		{1372F550-3184-49B1-AC04-E66753B3E9BF}.Debug|Any CPU.Build.0 = Debug|Any CPU
		{1372F550-3184-49B1-AC04-E66753B3E9BF}.Release|Any CPU.ActiveCfg = Release|Any CPU
		{1372F550-3184-49B1-AC04-E66753B3E9BF}.Release|Any CPU.Build.0 = Release|Any CPU
		{8E19FCA9-4C0C-40A1-86AE-F53D13F468DD}.Debug|Any CPU.ActiveCfg = Debug|Any CPU
		{8E19FCA9-4C0C-40A1-86AE-F53D13F468DD}.Debug|Any CPU.Build.0 = Debug|Any CPU
		{8E19FCA9-4C0C-40A1-86AE-F53D13F468DD}.Release|Any CPU.ActiveCfg = Release|Any CPU
		{8E19FCA9-4C0C-40A1-86AE-F53D13F468DD}.Release|Any CPU.Build.0 = Release|Any CPU
		{17EC2D37-26C3-41A9-8510-D164FE0A563B}.Debug|Any CPU.ActiveCfg = Debug|Any CPU
		{17EC2D37-26C3-41A9-8510-D164FE0A563B}.Debug|Any CPU.Build.0 = Debug|Any CPU
		{17EC2D37-26C3-41A9-8510-D164FE0A563B}.Release|Any CPU.ActiveCfg = Release|Any CPU
		{17EC2D37-26C3-41A9-8510-D164FE0A563B}.Release|Any CPU.Build.0 = Release|Any CPU
	EndGlobalSection
	GlobalSection(SolutionProperties) = preSolution
		HideSolutionNode = FALSE
	EndGlobalSection
	GlobalSection(ExtensibilityGlobals) = postSolution
		SolutionGuid = {45B18BFD-387A-48D5-BEF4-C99D208A565C}
	EndGlobalSection
EndGlobal
